# This file is automatically @generated by Cargo.
# It is not intended for manual editing.
version = 4

[[package]]
name = "vpp-controlplane"
version = "0.1.0"
dependencies = [
 "vpp-runtime",
]

[[package]]
name = "vpp-core"
version = "0.1.0"

[[package]]
name = "vpp-runtime"
version = "0.1.0"
dependencies = [
 "vpp-core",
]
